// !$*UTF8*$!
{
	archiveVersion = 1;
	classes = {
	};
	objectVersion = 46;
	objects = {

/* Begin PBXBuildFile section */
		71AA24051F19F63300F59CEC /* AppDelegate.swift in Sources */ = {isa = PBXBuildFile; fileRef = 71AA24041F19F63300F59CEC /* AppDelegate.swift */; };
		71AA24071F19F63300F59CEC /* ViewController.swift in Sources */ = {isa = PBXBuildFile; fileRef = 71AA24061F19F63300F59CEC /* ViewController.swift */; };
		71AA240A1F19F63300F59CEC /* Main.storyboard in Resources */ = {isa = PBXBuildFile; fileRef = 71AA24081F19F63300F59CEC /* Main.storyboard */; };
		71AA240C1F19F63300F59CEC /* Assets.xcassets in Resources */ = {isa = PBXBuildFile; fileRef = 71AA240B1F19F63300F59CEC /* Assets.xcassets */; };
		71AA240F1F19F63300F59CEC /* LaunchScreen.storyboard in Resources */ = {isa = PBXBuildFile; fileRef = 71AA240D1F19F63300F59CEC /* LaunchScreen.storyboard */; };
		71AA241A1F19F63300F59CEC /* PickerViewDomoTests.swift in Sources */ = {isa = PBXBuildFile; fileRef = 71AA24191F19F63300F59CEC /* PickerViewDomoTests.swift */; };
		71AA24251F19F63300F59CEC /* PickerViewDomoUITests.swift in Sources */ = {isa = PBXBuildFile; fileRef = 71AA24241F19F63300F59CEC /* PickerViewDomoUITests.swift */; };
/* End PBXBuildFile section */

/* Begin PBXContainerItemProxy section */
		71AA24161F19F63300F59CEC /* PBXContainerItemProxy */ = {
			isa = PBXContainerItemProxy;
			containerPortal = 71AA23F91F19F63200F59CEC /* Project object */;
			proxyType = 1;
			remoteGlobalIDString = 71AA24001F19F63300F59CEC;
			remoteInfo = PickerViewDomo;
		};
		71AA24211F19F63300F59CEC /* PBXContainerItemProxy */ = {
			isa = PBXContainerItemProxy;
			containerPortal = 71AA23F91F19F63200F59CEC /* Project object */;
			proxyType = 1;
			remoteGlobalIDString = 71AA24001F19F63300F59CEC;
			remoteInfo = PickerViewDomo;
		};
/* End PBXContainerItemProxy section */

/* Begin PBXFileReference section */
		71AA24011F19F63300F59CEC /* PickerViewDomo.app */ = {isa = PBXFileReference; explicitFileType = wrapper.application; includeInIndex = 0; path = PickerViewDomo.app; sourceTree = BUILT_PRODUCTS_DIR; };
		71AA24041F19F63300F59CEC /* AppDelegate.swift */ = {isa = PBXFileReference; lastKnownFileType = sourcecode.swift; path = AppDelegate.swift; sourceTree = "<group>"; };
		71AA24061F19F63300F59CEC /* ViewController.swift */ = {isa = PBXFileReference; lastKnownFileType = sourcecode.swift; path = ViewController.swift; sourceTree = "<group>"; };
		71AA24091F19F63300F59CEC /* Base */ = {isa = PBXFileReference; lastKnownFileType = file.storyboard; name = Base; path = Base.lproj/Main.storyboard; sourceTree = "<group>"; };
		71AA240B1F19F63300F59CEC /* Assets.xcassets */ = {isa = PBXFileReference; lastKnownFileType = folder.assetcatalog; path = Assets.xcassets; sourceTree = "<group>"; };
		71AA240E1F19F63300F59CEC /* Base */ = {isa = PBXFileReference; lastKnownFileType = file.storyboard; name = Base; path = Base.lproj/LaunchScreen.storyboard; sourceTree = "<group>"; };
		71AA24101F19F63300F59CEC /* Info.plist */ = {isa = PBXFileReference; lastKnownFileType = text.plist.xml; path = Info.plist; sourceTree = "<group>"; };
		71AA24151F19F63300F59CEC /* PickerViewDomoTests.xctest */ = {isa = PBXFileReference; explicitFileType = wrapper.cfbundle; includeInIndex = 0; path = PickerViewDomoTests.xctest; sourceTree = BUILT_PRODUCTS_DIR; };
		71AA24191F19F63300F59CEC /* PickerViewDomoTests.swift */ = {isa = PBXFileReference; lastKnownFileType = sourcecode.swift; path = PickerViewDomoTests.swift; sourceTree = "<group>"; };
		71AA241B1F19F63300F59CEC /* Info.plist */ = {isa = PBXFileReference; lastKnownFileType = text.plist.xml; path = Info.plist; sourceTree = "<group>"; };
		71AA24201F19F63300F59CEC /* PickerViewDomoUITests.xctest */ = {isa = PBXFileReference; explicitFileType = wrapper.cfbundle; includeInIndex = 0; path = PickerViewDomoUITests.xctest; sourceTree = BUILT_PRODUCTS_DIR; };
		71AA24241F19F63300F59CEC /* PickerViewDomoUITests.swift */ = {isa = PBXFileReference; lastKnownFileType = sourcecode.swift; path = PickerViewDomoUITests.swift; sourceTree = "<group>"; };
		71AA24261F19F63300F59CEC /* Info.plist */ = {isa = PBXFileReference; lastKnownFileType = text.plist.xml; path = Info.plist; sourceTree = "<group>"; };
/* End PBXFileReference section */

/* Begin PBXFrameworksBuildPhase section */
		71AA23FE1F19F63300F59CEC /* Frameworks */ = {
			isa = PBXFrameworksBuildPhase;
			buildActionMask = 2147483647;
			files = (
			);
			runOnlyForDeploymentPostprocessing = 0;
		};
		71AA24121F19F63300F59CEC /* Frameworks */ = {
			isa = PBXFrameworksBuildPhase;
			buildActionMask = 2147483647;
			files = (
			);
			runOnlyForDeploymentPostprocessing = 0;
		};
		71AA241D1F19F63300F59CEC /* Frameworks */ = {
			isa = PBXFrameworksBuildPhase;
			buildActionMask = 2147483647;
			files = (
			);
			runOnlyForDeploymentPostprocessing = 0;
		};
/* End PBXFrameworksBuildPhase section */

/* Begin PBXGroup section */
		71AA23F81F19F63200F59CEC = {
			isa = PBXGroup;
			children = (
				71AA24031F19F63300F59CEC /* PickerViewDomo */,
				71AA24181F19F63300F59CEC /* PickerViewDomoTests */,
				71AA24231F19F63300F59CEC /* PickerViewDomoUITests */,
				71AA24021F19F63300F59CEC /* Products */,
			);
			sourceTree = "<group>";
		};
		71AA24021F19F63300F59CEC /* Products */ = {
			isa = PBXGroup;
			children = (
				71AA24011F19F63300F59CEC /* PickerViewDomo.app */,
				71AA24151F19F63300F59CEC /* PickerViewDomoTests.xctest */,
				71AA24201F19F63300F59CEC /* PickerViewDomoUITests.xctest */,
			);
			name = Products;
			sourceTree = "<group>";
		};
		71AA24031F19F63300F59CEC /* PickerViewDomo */ = {
			isa = PBXGroup;
			children = (
				71AA24041F19F63300F59CEC /* AppDelegate.swift */,
				71AA24061F19F63300F59CEC /* ViewController.swift */,
				71AA24081F19F63300F59CEC /* Main.storyboard */,
				71AA240B1F19F63300F59CEC /* Assets.xcassets */,
				71AA240D1F19F63300F59CEC /* LaunchScreen.storyboard */,
				71AA24101F19F63300F59CEC /* Info.plist */,
			);
			path = PickerViewDomo;
			sourceTree = "<group>";
		};
		71AA24181F19F63300F59CEC /* PickerViewDomoTests */ = {
			isa = PBXGroup;
			children = (
				71AA24191F19F63300F59CEC /* PickerViewDomoTests.swift */,
				71AA241B1F19F63300F59CEC /* Info.plist */,
			);
			path = PickerViewDomoTests;
			sourceTree = "<group>";
		};
		71AA24231F19F63300F59CEC /* PickerViewDomoUITests */ = {
			isa = PBXGroup;
			children = (
				71AA24241F19F63300F59CEC /* PickerViewDomoUITests.swift */,
				71AA24261F19F63300F59CEC /* Info.plist */,
			);
			path = PickerViewDomoUITests;
			sourceTree = "<group>";
		};
/* End PBXGroup section */

/* Begin PBXNativeTarget section */
		71AA24001F19F63300F59CEC /* PickerViewDomo */ = {
			isa = PBXNativeTarget;
			buildConfigurationList = 71AA24291F19F63300F59CEC /* Build configuration list for PBXNativeTarget "PickerViewDomo" */;
			buildPhases = (
				71AA23FD1F19F63300F59CEC /* Sources */,
				71AA23FE1F19F63300F59CEC /* Frameworks */,
				71AA23FF1F19F63300F59CEC /* Resources */,
			);
			buildRules = (
			);
			dependencies = (
			);
			name = PickerViewDomo;
			productName = PickerViewDomo;
			productReference = 71AA24011F19F63300F59CEC /* PickerViewDomo.app */;
			productType = "com.apple.product-type.application";
		};
		71AA24141F19F63300F59CEC /* PickerViewDomoTests */ = {
			isa = PBXNativeTarget;
			buildConfigurationList = 71AA242C1F19F63300F59CEC /* Build configuration list for PBXNativeTarget "PickerViewDomoTests" */;
			buildPhases = (
				71AA24111F19F63300F59CEC /* Sources */,
				71AA24121F19F63300F59CEC /* Frameworks */,
				71AA24131F19F63300F59CEC /* Resources */,
			);
			buildRules = (
			);
			dependencies = (
				71AA24171F19F63300F59CEC /* PBXTargetDependency */,
			);
			name = PickerViewDomoTests;
			productName = PickerViewDomoTests;
			productReference = 71AA24151F19F63300F59CEC /* PickerViewDomoTests.xctest */;
			productType = "com.apple.product-type.bundle.unit-test";
		};
		71AA241F1F19F63300F59CEC /* PickerViewDomoUITests */ = {
			isa = PBXNativeTarget;
			buildConfigurationList = 71AA242F1F19F63300F59CEC /* Build configuration list for PBXNativeTarget "PickerViewDomoUITests" */;
			buildPhases = (
				71AA241C1F19F63300F59CEC /* Sources */,
				71AA241D1F19F63300F59CEC /* Frameworks */,
				71AA241E1F19F63300F59CEC /* Resources */,
			);
			buildRules = (
			);
			dependencies = (
				71AA24221F19F63300F59CEC /* PBXTargetDependency */,
			);
			name = PickerViewDomoUITests;
			productName = PickerViewDomoUITests;
			productReference = 71AA24201F19F63300F59CEC /* PickerViewDomoUITests.xctest */;
			productType = "com.apple.product-type.bundle.ui-testing";
		};
/* End PBXNativeTarget section */

/* Begin PBXProject section */
		71AA23F91F19F63200F59CEC /* Project object */ = {
			isa = PBXProject;
			attributes = {
				LastSwiftUpdateCheck = 0710;
				LastUpgradeCheck = 0710;
				ORGANIZATIONNAME = Mostafa;
				TargetAttributes = {
					71AA24001F19F63300F59CEC = {
						CreatedOnToolsVersion = 7.1;
					};
					71AA24141F19F63300F59CEC = {
						CreatedOnToolsVersion = 7.1;
						TestTargetID = 71AA24001F19F63300F59CEC;
					};
					71AA241F1F19F63300F59CEC = {
						CreatedOnToolsVersion = 7.1;
						TestTargetID = 71AA24001F19F63300F59CEC;
					};
				};
			};
			buildConfigurationList = 71AA23FC1F19F63200F59CEC /* Build configuration list for PBXProject "PickerViewDomo" */;
			compatibilityVersion = "Xcode 3.2";
			developmentRegion = English;
			hasScannedForEncodings = 0;
			knownRegions = (
				en,
				Base,
			);
			mainGroup = 71AA23F81F19F63200F59CEC;
			productRefGroup = 71AA24021F19F63300F59CEC /* Products */;
			projectDirPath = "";
			projectRoot = "";
			targets = (
				71AA24001F19F63300F59CEC /* PickerViewDomo */,
				71AA24141F19F63300F59CEC /* PickerViewDomoTests */,
				71AA241F1F19F63300F59CEC /* PickerViewDomoUITests */,
			);
		};
/* End PBXProject section */

/* Begin PBXResourcesBuildPhase section */
		71AA23FF1F19F63300F59CEC /* Resources */ = {
			isa = PBXResourcesBuildPhase;
			buildActionMask = 2147483647;
			files = (
				71AA240F1F19F63300F59CEC /* LaunchScreen.storyboard in Resources */,
				71AA240C1F19F63300F59CEC /* Assets.xcassets in Resources */,
				71AA240A1F19F63300F59CEC /* Main.storyboard in Resources */,
			);
			runOnlyForDeploymentPostprocessing = 0;
		};
		71AA24131F19F63300F59CEC /* Resources */ = {
			isa = PBXResourcesBuildPhase;
			buildActionMask = 2147483647;
			files = (
			);
			runOnlyForDeploymentPostprocessing = 0;
		};
		71AA241E1F19F63300F59CEC /* Resources */ = {
			isa = PBXResourcesBuildPhase;
			buildActionMask = 2147483647;
			files = (
			);
			runOnlyForDeploymentPostprocessing = 0;
		};
/* End PBXResourcesBuildPhase section */

/* Begin PBXSourcesBuildPhase section */
		71AA23FD1F19F63300F59CEC /* Sources */ = {
			isa = PBXSourcesBuildPhase;
			buildActionMask = 2147483647;
			files = (
				71AA24071F19F63300F59CEC /* ViewController.swift in Sources */,
				71AA24051F19F63300F59CEC /* AppDelegate.swift in Sources */,
			);
			runOnlyForDeploymentPostprocessing = 0;
		};
		71AA24111F19F63300F59CEC /* Sources */ = {
			isa = PBXSourcesBuildPhase;
			buildActionMask = 2147483647;
			files = (
				71AA241A1F19F63300F59CEC /* PickerViewDomoTests.swift in Sources */,
			);
			runOnlyForDeploymentPostprocessing = 0;
		};
		71AA241C1F19F63300F59CEC /* Sources */ = {
			isa = PBXSourcesBuildPhase;
			buildActionMask = 2147483647;
			files = (
				71AA24251F19F63300F59CEC /* PickerViewDomoUITests.swift in Sources */,
			);
			runOnlyForDeploymentPostprocessing = 0;
		};
/* End PBXSourcesBuildPhase section */

/* Begin PBXTargetDependency section */
		71AA24171F19F63300F59CEC /* PBXTargetDependency */ = {
			isa = PBXTargetDependency;
			target = 71AA24001F19F63300F59CEC /* PickerViewDomo */;
			targetProxy = 71AA24161F19F63300F59CEC /* PBXContainerItemProxy */;
		};
		71AA24221F19F63300F59CEC /* PBXTargetDependency */ = {
			isa = PBXTargetDependency;
			target = 71AA24001F19F63300F59CEC /* PickerViewDomo */;
			targetProxy = 71AA24211F19F63300F59CEC /* PBXContainerItemProxy */;
		};
/* End PBXTargetDependency section */

/* Begin PBXVariantGroup section */
		71AA24081F19F63300F59CEC /* Main.storyboard */ = {
			isa = PBXVariantGroup;
			children = (
				71AA24091F19F63300F59CEC /* Base */,
			);
			name = Main.storyboard;
			sourceTree = "<group>";
		};
		71AA240D1F19F63300F59CEC /* LaunchScreen.storyboard */ = {
			isa = PBXVariantGroup;
			children = (
				71AA240E1F19F63300F59CEC /* Base */,
			);
			name = LaunchScreen.storyboard;
			sourceTree = "<group>";
		};
/* End PBXVariantGroup section */

/* Begin XCBuildConfiguration section */
		71AA24271F19F63300F59CEC /* Debug */ = {
			isa = XCBuildConfiguration;
			buildSettings = {
				ALWAYS_SEARCH_USER_PATHS = NO;
				CLANG_CXX_LANGUAGE_STANDARD = "gnu++0x";
				CLANG_CXX_LIBRARY = "libc++";
				CLANG_ENABLE_MODULES = YES;
				CLANG_ENABLE_OBJC_ARC = YES;
				CLANG_WARN_BOOL_CONVERSION = YES;
				CLANG_WARN_CONSTANT_CONVERSION = YES;
				CLANG_WARN_DIRECT_OBJC_ISA_USAGE = YES_ERROR;
				CLANG_WARN_EMPTY_BODY = YES;
				CLANG_WARN_ENUM_CONVERSION = YES;
				CLANG_WARN_INT_CONVERSION = YES;
				CLANG_WARN_OBJC_ROOT_CLASS = YES_ERROR;
				CLANG_WARN_UNREACHABLE_CODE = YES;
				CLANG_WARN__DUPLICATE_METHOD_MATCH = YES;
				"CODE_SIGN_IDENTITY[sdk=iphoneos*]" = "iPhone Developer";
				COPY_PHASE_STRIP = NO;
				DEBUG_INFORMATION_FORMAT = dwarf;
				ENABLE_STRICT_OBJC_MSGSEND = YES;
				ENABLE_TESTABILITY = YES;
				GCC_C_LANGUAGE_STANDARD = gnu99;
				GCC_DYNAMIC_NO_PIC = NO;
				GCC_NO_COMMON_BLOCKS = YES;
				GCC_OPTIMIZATION_LEVEL = 0;
				GCC_PREPROCESSOR_DEFINITIONS = (
					"DEBUG=1",
					"$(inherited)",
				);
				GCC_WARN_64_TO_32_BIT_CONVERSION = YES;
				GCC_WARN_ABOUT_RETURN_TYPE = YES_ERROR;
				GCC_WARN_UNDECLARED_SELECTOR = YES;
				GCC_WARN_UNINITIALIZED_AUTOS = YES_AGGRESSIVE;
				GCC_WARN_UNUSED_FUNCTION = YES;
				GCC_WARN_UNUSED_VARIABLE = YES;
				IPHONEOS_DEPLOYMENT_TARGET = 9.1;
				MTL_ENABLE_DEBUG_INFO = YES;
				ONLY_ACTIVE_ARCH = YES;
				SDKROOT = iphoneos;
				SWIFT_OPTIMIZATION_LEVEL = "-Onone";
				TARGETED_DEVICE_FAMILY = "1,2";
			};
			name = Debug;
		};
		71AA24281F19F63300F59CEC /* Release */ = {
			isa = XCBuildConfiguration;
			buildSettings = {
				ALWAYS_SEARCH_USER_PATHS = NO;
				CLANG_CXX_LANGUAGE_STANDARD = "gnu++0x";
				CLANG_CXX_LIBRARY = "libc++";
				CLANG_ENABLE_MODULES = YES;
				CLANG_ENABLE_OBJC_ARC = YES;
				CLANG_WARN_BOOL_CONVERSION = YES;
				CLANG_WARN_CONSTANT_CONVERSION = YES;
				CLANG_WARN_DIRECT_OBJC_ISA_USAGE = YES_ERROR;
				CLANG_WARN_EMPTY_BODY = YES;
				CLANG_WARN_ENUM_CONVERSION = YES;
				CLANG_WARN_INT_CONVERSION = YES;
				CLANG_WARN_OBJC_ROOT_CLASS = YES_ERROR;
				CLANG_WARN_UNREACHABLE_CODE = YES;
				CLANG_WARN__DUPLICATE_METHOD_MATCH = YES;
				"CODE_SIGN_IDENTITY[sdk=iphoneos*]" = "iPhone Developer";
				COPY_PHASE_STRIP = NO;
				DEBUG_INFORMATION_FORMAT = "dwarf-with-dsym";
				ENABLE_NS_ASSERTIONS = NO;
				ENABLE_STRICT_OBJC_MSGSEND = YES;
				GCC_C_LANGUAGE_STANDARD = gnu99;
				GCC_NO_COMMON_BLOCKS = YES;
				GCC_WARN_64_TO_32_BIT_CONVERSION = YES;
				GCC_WARN_ABOUT_RETURN_TYPE = YES_ERROR;
				GCC_WARN_UNDECLARED_SELECTOR = YES;
				GCC_WARN_UNINITIALIZED_AUTOS = YES_AGGRESSIVE;
				GCC_WARN_UNUSED_FUNCTION = YES;
				GCC_WARN_UNUSED_VARIABLE = YES;
				IPHONEOS_DEPLOYMENT_TARGET = 9.1;
				MTL_ENABLE_DEBUG_INFO = NO;
				SDKROOT = iphoneos;
				TARGETED_DEVICE_FAMILY = "1,2";
				VALIDATE_PRODUCT = YES;
			};
			name = Release;
		};
		71AA242A1F19F63300F59CEC /* Debug */ = {
			isa = XCBuildConfiguration;
			buildSettings = {
				ASSETCATALOG_COMPILER_APPICON_NAME = AppIcon;
				INFOPLIST_FILE = PickerViewDomo/Info.plist;
				LD_RUNPATH_SEARCH_PATHS = "$(inherited) @executable_path/Frameworks";
				PRODUCT_BUNDLE_IDENTIFIER = Mostafa.PickerViewDomo;
				PRODUCT_NAME = "$(TARGET_NAME)";
			};
			name = Debug;
		};
		71AA242B1F19F63300F59CEC /* Release */ = {
			isa = XCBuildConfiguration;
			buildSettings = {
				ASSETCATALOG_COMPILER_APPICON_NAME = AppIcon;
				INFOPLIST_FILE = PickerViewDomo/Info.plist;
				LD_RUNPATH_SEARCH_PATHS = "$(inherited) @executable_path/Frameworks";
				PRODUCT_BUNDLE_IDENTIFIER = Mostafa.PickerViewDomo;
				PRODUCT_NAME = "$(TARGET_NAME)";
			};
			name = Release;
		};
		71AA242D1F19F63300F59CEC /* Debug */ = {
			isa = XCBuildConfiguration;
			buildSettings = {
				BUNDLE_LOADER = "$(TEST_HOST)";
				INFOPLIST_FILE = PickerViewDomoTests/Info.plist;
				LD_RUNPATH_SEARCH_PATHS = "$(inherited) @executable_path/Frameworks @loader_path/Frameworks";
				PRODUCT_BUNDLE_IDENTIFIER = Mostafa.PickerViewDomoTests;
				PRODUCT_NAME = "$(TARGET_NAME)";
				TEST_HOST = "$(BUILT_PRODUCTS_DIR)/PickerViewDomo.app/PickerViewDomo";
			};
			name = Debug;
		};
		71AA242E1F19F63300F59CEC /* Release */ = {
			isa = XCBuildConfiguration;
			buildSettings = {
				BUNDLE_LOADER = "$(TEST_HOST)";
				INFOPLIST_FILE = PickerViewDomoTests/Info.plist;
				LD_RUNPATH_SEARCH_PATHS = "$(inherited) @executable_path/Frameworks @loader_path/Frameworks";
				PRODUCT_BUNDLE_IDENTIFIER = Mostafa.PickerViewDomoTests;
				PRODUCT_NAME = "$(TARGET_NAME)";
				TEST_HOST = "$(BUILT_PRODUCTS_DIR)/PickerViewDomo.app/PickerViewDomo";
			};
			name = Release;
		};
		71AA24301F19F63300F59CEC /* Debug */ = {
			isa = XCBuildConfiguration;
			buildSettings = {
				INFOPLIST_FILE = PickerViewDomoUITests/Info.plist;
				LD_RUNPATH_SEARCH_PATHS = "$(inherited) @executable_path/Frameworks @loader_path/Frameworks";
				PRODUCT_BUNDLE_IDENTIFIER = Mostafa.PickerViewDomoUITests;
				PRODUCT_NAME = "$(TARGET_NAME)";
				TEST_TARGET_NAME = PickerViewDomo;
				USES_XCTRUNNER = YES;
			};
			name = Debug;
		};
		71AA24311F19F63300F59CEC /* Release */ = {
			isa = XCBuildConfiguration;
			buildSettings = {
				INFOPLIST_FILE = PickerViewDomoUITests/Info.plist;
				LD_RUNPATH_SEARCH_PATHS = "$(inherited) @executable_path/Frameworks @loader_path/Frameworks";
				PRODUCT_BUNDLE_IDENTIFIER = Mostafa.PickerViewDomoUITests;
				PRODUCT_NAME = "$(TARGET_NAME)";
				TEST_TARGET_NAME = PickerViewDomo;
				USES_XCTRUNNER = YES;
			};
			name = Release;
		};
/* End XCBuildConfiguration section */

/* Begin XCConfigurationList section */
		71AA23FC1F19F63200F59CEC /* Build configuration list for PBXProject "PickerViewDomo" */ = {
			isa = XCConfigurationList;
			buildConfigurations = (
				71AA24271F19F63300F59CEC /* Debug */,
				71AA24281F19F63300F59CEC /* Release */,
			);
			defaultConfigurationIsVisible = 0;
			defaultConfigurationName = Release;
		};
		71AA24291F19F63300F59CEC /* Build configuration list for PBXNativeTarget "PickerViewDomo" */ = {
			isa = XCConfigurationList;
			buildConfigurations = (
				71AA242A1F19F63300F59CEC /* Debug */,
				71AA242B1F19F63300F59CEC /* Release */,
			);
			defaultConfigurationIsVisible = 0;
		};
		71AA242C1F19F63300F59CEC /* Build configuration list for PBXNativeTarget "PickerViewDomoTests" */ = {
			isa = XCConfigurationList;
			buildConfigurations = (
				71AA242D1F19F63300F59CEC /* Debug */,
				71AA242E1F19F63300F59CEC /* Release */,
			);
			defaultConfigurationIsVisible = 0;
		};
		71AA242F1F19F63300F59CEC /* Build configuration list for PBXNativeTarget "PickerViewDomoUITests" */ = {
			isa = XCConfigurationList;
			buildConfigurations = (
				71AA24301F19F63300F59CEC /* Debug */,
				71AA24311F19F63300F59CEC /* Release */,
			);
			defaultConfigurationIsVisible = 0;
		};
/* End XCConfigurationList section */
	};
	rootObject = 71AA23F91F19F63200F59CEC /* Project object */;
}
